
Microsoft Visual Studio Solution File, Format Version 12.00
# Visual Studio Version 17
VisualStudioVersion = 17.11.35208.52
MinimumVisualStudioVersion = 10.0.40219.1
Project("{FAE04EC0-301F-11D3-BF4B-00C04F79EFBC}") = "StudentInfoApplication", "StudentInfoApplication\StudentInfoApplication.csproj", "{4AABA874-FF5F-4F10-BB24-4B5BA99C3E13}"
EndProject
Global
	GlobalSection(SolutionConfigurationPlatforms) = preSolution
		Debug|Any CPU = Debug|Any CPU
		Release|Any CPU = Release|Any CPU
	EndGlobalSection
	GlobalSection(ProjectConfigurationPlatforms) = postSolution
		{4AABA874-FF5F-4F10-BB24-4B5BA99C3E13}.Debug|Any CPU.ActiveCfg = Debug|Any CPU
		{4AABA874-FF5F-4F10-BB24-4B5BA99C3E13}.Debug|Any CPU.Build.0 = Debug|Any CPU
		{4AABA874-FF5F-4F10-BB24-4B5BA99C3E13}.Release|Any CPU.ActiveCfg = Release|Any CPU
		{4AABA874-FF5F-4F10-BB24-4B5BA99C3E13}.Release|Any CPU.Build.0 = Release|Any CPU
	EndGlobalSection
	GlobalSection(SolutionProperties) = preSolution
		HideSolutionNode = FALSE
	EndGlobalSection
	GlobalSection(ExtensibilityGlobals) = postSolution
		SolutionGuid = {380835B6-47D0-4856-AFBD-78BDD4F7DB4D}
	EndGlobalSection
EndGlobal
