
Microsoft Visual Studio Solution File, Format Version 12.00
# Visual Studio Version 17
VisualStudioVersion = 17.11.35208.52
MinimumVisualStudioVersion = 10.0.40219.1
Project("{FAE04EC0-301F-11D3-BF4B-00C04F79EFBC}") = "EmployeeApplication", "EmployeeApplication\EmployeeApplication.csproj", "{D5A30887-E045-441E-8DFD-E20DF1E4F216}"
EndProject
Global
	GlobalSection(SolutionConfigurationPlatforms) = preSolution
		Debug|Any CPU = Debug|Any CPU
		Release|Any CPU = Release|Any CPU
	EndGlobalSection
	GlobalSection(ProjectConfigurationPlatforms) = postSolution
		{D5A30887-E045-441E-8DFD-E20DF1E4F216}.Debug|Any CPU.ActiveCfg = Debug|Any CPU
		{D5A30887-E045-441E-8DFD-E20DF1E4F216}.Debug|Any CPU.Build.0 = Debug|Any CPU
		{D5A30887-E045-441E-8DFD-E20DF1E4F216}.Release|Any CPU.ActiveCfg = Release|Any CPU
		{D5A30887-E045-441E-8DFD-E20DF1E4F216}.Release|Any CPU.Build.0 = Release|Any CPU
	EndGlobalSection
	GlobalSection(SolutionProperties) = preSolution
		HideSolutionNode = FALSE
	EndGlobalSection
	GlobalSection(ExtensibilityGlobals) = postSolution
		SolutionGuid = {87ACD6B8-CE57-4ABC-8556-307794D7CE68}
	EndGlobalSection
EndGlobal
